{
  "name": "@ar-ease/medium-common",
  "version": "1.0.7",
  "lockfileVersion": 3,
  "requires": true,
  "packages": {
    "": {
      "name": "@ar-ease/medium-common",
      "version": "1.0.7",
      "license": "ISC",
      "dependencies": {
        "@ar-ease/medium-common": "^1.0.7",
        "zod": "^3.23.8"
      }
    },
    "node_modules/@ar-ease/medium-common": {
      "version": "1.0.7",
      "resolved": "https://registry.npmjs.org/@ar-ease/medium-common/-/medium-common-1.0.7.tgz",
      "integrity": "sha512-DUgDrRsFU+2HJu+XDEQSNtNpmYLW5/1PhlrlhkZBT5ZyQlPZpUO1k/y3616YbNUVovtVIN9oppCcHJ6BOW9LHg==",
      "license": "ISC",
      "dependencies": {
        "zod": "^3.23.8"
      }
    },
    "node_modules/zod": {
      "version": "3.23.8",
      "resolved": "https://registry.npmjs.org/zod/-/zod-3.23.8.tgz",
      "integrity": "sha512-XBx9AXhXktjUqnepgTiE5flcKIYWi/rme0Eaj+5Y0lftuGBq+jyRu/md4WnuxqgP1ubdpNCsYEYPxrzVHD8d6g==",
      "license": "MIT",
      "funding": {
        "url": "https://github.com/sponsors/colinhacks"
      }
    }
  }
}
